
Microsoft Visual Studio Solution File, Format Version 12.00
# Visual Studio 15
VisualStudioVersion = 15.0.27703.2042
MinimumVisualStudioVersion = 10.0.40219.1
Project("{FAE04EC0-301F-11D3-BF4B-00C04F79EFBC}") = "IMODDesigns", "IMODDesigns\IMODDesigns.csproj", "{B0545166-6ECF-4E79-B5BB-47D4F7DAA85B}"
EndProject
Global
	GlobalSection(SolutionConfigurationPlatforms) = preSolution
		Debug|Any CPU = Debug|Any CPU
		Release|Any CPU = Release|Any CPU
	EndGlobalSection
	GlobalSection(ProjectConfigurationPlatforms) = postSolution
		{B0545166-6ECF-4E79-B5BB-47D4F7DAA85B}.Debug|Any CPU.ActiveCfg = Debug|Any CPU
		{B0545166-6ECF-4E79-B5BB-47D4F7DAA85B}.Debug|Any CPU.Build.0 = Debug|Any CPU
		{B0545166-6ECF-4E79-B5BB-47D4F7DAA85B}.Release|Any CPU.ActiveCfg = Release|Any CPU
		{B0545166-6ECF-4E79-B5BB-47D4F7DAA85B}.Release|Any CPU.Build.0 = Release|Any CPU
	EndGlobalSection
	GlobalSection(SolutionProperties) = preSolution
		HideSolutionNode = FALSE
	EndGlobalSection
	GlobalSection(ExtensibilityGlobals) = postSolution
		SolutionGuid = {88BC9E34-C7AA-4B41-B7A5-3FE12E2095BF}
	EndGlobalSection
EndGlobal
